
Microsoft Visual Studio Solution File, Format Version 12.00
# Visual Studio Version 17
VisualStudioVersion = 17.0.31903.59
MinimumVisualStudioVersion = 10.0.40219.1
Project("{FAE04EC0-301F-11D3-BF4B-00C04F79EFBC}") = "SimpleStore_Main", "SimpleStore_Main\SimpleStore_Main.csproj", "{A7931E92-32A6-4EC3-99C6-92BE290D7559}"
EndProject
Project("{2150E333-8FDC-42A3-9474-1A3956D46DE8}") = "LIBRARIES", "LIBRARIES", "{3CE50E15-53BA-4A9D-B22E-1CF388123B1A}"
EndProject
Project("{FAE04EC0-301F-11D3-BF4B-00C04F79EFBC}") = "MS.ACTIONS", "LIBRARIES\ACTIONS\MS.ACTIONS.csproj", "{533A34CA-4068-448D-BFD8-2846E48120F0}"
EndProject
Project("{FAE04EC0-301F-11D3-BF4B-00C04F79EFBC}") = "LOGIC", "LIBRARIES\LOGIC\LOGIC.csproj", "{C4DA05ED-F5BA-4E81-81A1-BEAC2A0F522F}"
EndProject
Project("{FAE04EC0-301F-11D3-BF4B-00C04F79EFBC}") = "MODELS", "LIBRARIES\MODELS\MODELS.csproj", "{86E363CA-1073-4747-BEC2-7B1A0EBC51CE}"
EndProject
Project("{FAE04EC0-301F-11D3-BF4B-00C04F79EFBC}") = "REPO", "LIBRARIES\REPO\REPO.csproj", "{398BB3F2-0729-4FCD-9562-C84D12CB0F8D}"
EndProject
Project("{FAE04EC0-301F-11D3-BF4B-00C04F79EFBC}") = "SimpleStore_Tests", "SimpleStore_Tests\SimpleStore_Tests.csproj", "{10D9BB9E-C087-49BB-A57D-345724EA1506}"
EndProject
Global
	GlobalSection(SolutionConfigurationPlatforms) = preSolution
		Debug|Any CPU = Debug|Any CPU
		Release|Any CPU = Release|Any CPU
	EndGlobalSection
	GlobalSection(SolutionProperties) = preSolution
		HideSolutionNode = FALSE
	EndGlobalSection
	GlobalSection(ProjectConfigurationPlatforms) = postSolution
		{A7931E92-32A6-4EC3-99C6-92BE290D7559}.Debug|Any CPU.ActiveCfg = Debug|Any CPU
		{A7931E92-32A6-4EC3-99C6-92BE290D7559}.Debug|Any CPU.Build.0 = Debug|Any CPU
		{A7931E92-32A6-4EC3-99C6-92BE290D7559}.Release|Any CPU.ActiveCfg = Release|Any CPU
		{A7931E92-32A6-4EC3-99C6-92BE290D7559}.Release|Any CPU.Build.0 = Release|Any CPU
		{533A34CA-4068-448D-BFD8-2846E48120F0}.Debug|Any CPU.ActiveCfg = Debug|Any CPU
		{533A34CA-4068-448D-BFD8-2846E48120F0}.Debug|Any CPU.Build.0 = Debug|Any CPU
		{533A34CA-4068-448D-BFD8-2846E48120F0}.Release|Any CPU.ActiveCfg = Release|Any CPU
		{533A34CA-4068-448D-BFD8-2846E48120F0}.Release|Any CPU.Build.0 = Release|Any CPU
		{C4DA05ED-F5BA-4E81-81A1-BEAC2A0F522F}.Debug|Any CPU.ActiveCfg = Debug|Any CPU
		{C4DA05ED-F5BA-4E81-81A1-BEAC2A0F522F}.Debug|Any CPU.Build.0 = Debug|Any CPU
		{C4DA05ED-F5BA-4E81-81A1-BEAC2A0F522F}.Release|Any CPU.ActiveCfg = Release|Any CPU
		{C4DA05ED-F5BA-4E81-81A1-BEAC2A0F522F}.Release|Any CPU.Build.0 = Release|Any CPU
		{86E363CA-1073-4747-BEC2-7B1A0EBC51CE}.Debug|Any CPU.ActiveCfg = Debug|Any CPU
		{86E363CA-1073-4747-BEC2-7B1A0EBC51CE}.Debug|Any CPU.Build.0 = Debug|Any CPU
		{86E363CA-1073-4747-BEC2-7B1A0EBC51CE}.Release|Any CPU.ActiveCfg = Release|Any CPU
		{86E363CA-1073-4747-BEC2-7B1A0EBC51CE}.Release|Any CPU.Build.0 = Release|Any CPU
		{398BB3F2-0729-4FCD-9562-C84D12CB0F8D}.Debug|Any CPU.ActiveCfg = Debug|Any CPU
		{398BB3F2-0729-4FCD-9562-C84D12CB0F8D}.Debug|Any CPU.Build.0 = Debug|Any CPU
		{398BB3F2-0729-4FCD-9562-C84D12CB0F8D}.Release|Any CPU.ActiveCfg = Release|Any CPU
		{398BB3F2-0729-4FCD-9562-C84D12CB0F8D}.Release|Any CPU.Build.0 = Release|Any CPU
		{10D9BB9E-C087-49BB-A57D-345724EA1506}.Debug|Any CPU.ActiveCfg = Debug|Any CPU
		{10D9BB9E-C087-49BB-A57D-345724EA1506}.Debug|Any CPU.Build.0 = Debug|Any CPU
		{10D9BB9E-C087-49BB-A57D-345724EA1506}.Release|Any CPU.ActiveCfg = Release|Any CPU
		{10D9BB9E-C087-49BB-A57D-345724EA1506}.Release|Any CPU.Build.0 = Release|Any CPU
	EndGlobalSection
	GlobalSection(NestedProjects) = preSolution
		{533A34CA-4068-448D-BFD8-2846E48120F0} = {3CE50E15-53BA-4A9D-B22E-1CF388123B1A}
		{C4DA05ED-F5BA-4E81-81A1-BEAC2A0F522F} = {3CE50E15-53BA-4A9D-B22E-1CF388123B1A}
		{86E363CA-1073-4747-BEC2-7B1A0EBC51CE} = {3CE50E15-53BA-4A9D-B22E-1CF388123B1A}
		{398BB3F2-0729-4FCD-9562-C84D12CB0F8D} = {3CE50E15-53BA-4A9D-B22E-1CF388123B1A}
	EndGlobalSection
EndGlobal
